<?xml version="1.0" encoding="utf-8"?>
<Project ToolsVersion="4.0" xmlns="http://schemas.microsoft.com/developer/msbuild/2003">
  <ItemGroup>
    <Filter Include="Source Files">
      <UniqueIdentifier>{4FC737F1-C7A5-4376-A066-2A32D752A2FF}</UniqueIdentifier>
      <Extensions>cpp;c;cc;cxx;c++;cppm;ixx;def;odl;idl;hpj;bat;asm;asmx</Extensions>
    </Filter>
    <Filter Include="Header Files">
      <UniqueIdentifier>{93995380-89BD-4b04-88EB-625FBE52EBFB}</UniqueIdentifier>
      <Extensions>h;hh;hpp;hxx;h++;hm;inl;inc;ipp;xsd</Extensions>
    </Filter>
    <Filter Include="Resource Files">
      <UniqueIdentifier>{67DA6AB6-F800-4c08-8B7A-83BB121AAD01}</UniqueIdentifier>
      <Extensions>rc;ico;cur;bmp;dlg;rc2;rct;bin;rgs;gif;jpg;jpeg;jpe;resx;tiff;tif;png;wav;mfcribbon-ms</Extensions>
    </Filter>
  </ItemGroup>
  <ItemGroup>
    <ClCompile Include="Mainer.cpp">
      <Filter>Source Files</Filter>
    </ClCompile>
  </ItemGroup>
  <ItemGroup>
    <CustomBuild Include="MyAssembly.asm">
      <Filter>Source Files</Filter>
    </CustomBuild>
  </ItemGroup>
  <ItemGroup>
    <Object Include="x64\Debug\Mainer.obj" />
  </ItemGroup>
  <ItemGroup>
    <None Include="x64\Debug\Our Firs.1a698d5e.tlog\CL.command.1.tlog" />
    <None Include="x64\Debug\Our Firs.1a698d5e.tlog\CL.read.1.tlog" />
    <None Include="x64\Debug\Our Firs.1a698d5e.tlog\CL.write.1.tlog" />
    <None Include="x64\Debug\Our Firs.1a698d5e.tlog\link.command.1.tlog" />
    <None Include="x64\Debug\Our Firs.1a698d5e.tlog\link.read.1.tlog" />
    <None Include="x64\Debug\Our Firs.1a698d5e.tlog\link.read.2.tlog" />
    <None Include="x64\Debug\Our Firs.1a698d5e.tlog\link.write.1.tlog" />
    <None Include="x64\Debug\Our Firs.1a698d5e.tlog\link-cvtres.read.1.tlog" />
    <None Include="x64\Debug\Our Firs.1a698d5e.tlog\link-cvtres.write.1.tlog" />
    <None Include="x64\Debug\Our Firs.1a698d5e.tlog\link-rc.read.1.tlog" />
    <None Include="x64\Debug\Our Firs.1a698d5e.tlog\link-rc.write.1.tlog" />
    <None Include="x64\Debug\Our Firs.1a698d5e.tlog\Our First Assembly Program.lastbuildstate" />
    <None Include="x64\Debug\vc143.idb" />
    <None Include="x64\Debug\vc143.pdb" />
    <None Include="x64\Debug\Our Firs.1a698d5e.tlog\unsuccessfulbuild" />
  </ItemGroup>
  <ItemGroup>
    <Text Include="x64\Debug\Our First Assembly Program.log" />
  </ItemGroup>
</Project>