
Microsoft Visual Studio Solution File, Format Version 12.00
# Visual Studio Version 17
VisualStudioVersion = 17.7.34031.279
MinimumVisualStudioVersion = 10.0.40219.1
Project("{8BC9CEB8-8B4A-11D0-8D11-00A0C91BC942}") = "Our First Assembly Program", "Our First Assembly Program\Our First Assembly Program.vcxproj", "{1A698D5E-CBB3-4786-A105-3656E835CC32}"
EndProject
Global
	GlobalSection(SolutionConfigurationPlatforms) = preSolution
		Debug|x64 = Debug|x64
		Debug|x86 = Debug|x86
		Release|x64 = Release|x64
		Release|x86 = Release|x86
	EndGlobalSection
	GlobalSection(ProjectConfigurationPlatforms) = postSolution
		{1A698D5E-CBB3-4786-A105-3656E835CC32}.Debug|x64.ActiveCfg = Debug|x64
		{1A698D5E-CBB3-4786-A105-3656E835CC32}.Debug|x64.Build.0 = Debug|x64
		{1A698D5E-CBB3-4786-A105-3656E835CC32}.Debug|x86.ActiveCfg = Debug|Win32
		{1A698D5E-CBB3-4786-A105-3656E835CC32}.Debug|x86.Build.0 = Debug|Win32
		{1A698D5E-CBB3-4786-A105-3656E835CC32}.Release|x64.ActiveCfg = Release|x64
		{1A698D5E-CBB3-4786-A105-3656E835CC32}.Release|x64.Build.0 = Release|x64
		{1A698D5E-CBB3-4786-A105-3656E835CC32}.Release|x86.ActiveCfg = Release|Win32
		{1A698D5E-CBB3-4786-A105-3656E835CC32}.Release|x86.Build.0 = Release|Win32
	EndGlobalSection
	GlobalSection(SolutionProperties) = preSolution
		HideSolutionNode = FALSE
	EndGlobalSection
	GlobalSection(ExtensibilityGlobals) = postSolution
		SolutionGuid = {BABC1850-3EC3-498D-B02D-BF159E730723}
	EndGlobalSection
EndGlobal
